[[tools.git-cliff]]
version = "2.10.1"
backend = "aqua:orhun/git-cliff"
"platforms.linux-arm64" = { checksum = "sha256:218a25c728df98337541013218660eeb571a464daea7612b35bb4e97b22b97db", url = "https://github.com/orhun/git-cliff/releases/download/v2.10.1/git-cliff-2.10.1-aarch64-unknown-linux-musl.tar.gz"}
"platforms.linux-x64" = { checksum = "sha256:55ed8495e8c18e51e42182e17772013d6d2a7156a462d6b30f1adf17e54b465e", url = "https://github.com/orhun/git-cliff/releases/download/v2.10.1/git-cliff-2.10.1-x86_64-unknown-linux-musl.tar.gz"}
"platforms.macos-arm64" = { checksum = "sha256:98cf636ca6a66d84e0ba6202a990028ac45cf0dde331d18169397ae59cc6e41b", url = "https://github.com/orhun/git-cliff/releases/download/v2.10.1/git-cliff-2.10.1-aarch64-apple-darwin.tar.gz"}
"platforms.macos-x64" = { checksum = "sha256:c3111dddaf866a986085f22ff22fa3003645fc69a3b9302c4e1352c4676c398a", url = "https://github.com/orhun/git-cliff/releases/download/v2.10.1/git-cliff-2.10.1-x86_64-apple-darwin.tar.gz"}
"platforms.windows-x64" = { checksum = "sha256:073c8027da2e055ec83c3609c4195284bd10b2771fcbd806ff0f94e48c310c77", url = "https://github.com/orhun/git-cliff/releases/download/v2.10.1/git-cliff-2.10.1-x86_64-pc-windows-msvc.zip"}

[[tools.git-cliff]]
version = "2.11.0"
backend = "aqua:orhun/git-cliff"
"platforms.linux-arm64" = { checksum = "sha256:3beb1584c48a3f5f5cafe3b2da839e27a93d48876ef1159cd2dcd0bfb523669a", url = "https://github.com/orhun/git-cliff/releases/download/v2.11.0/git-cliff-2.11.0-aarch64-unknown-linux-musl.tar.gz"}
"platforms.linux-x64" = { checksum = "sha256:e2f294500a59c4481fefb32561c0e264065d86409363ca3df0443f2a27858e8d", url = "https://github.com/orhun/git-cliff/releases/download/v2.11.0/git-cliff-2.11.0-x86_64-unknown-linux-musl.tar.gz"}
"platforms.macos-arm64" = { checksum = "sha256:320bf4e32c7de40e8115361c3aa9b580853de9f21a45b7ee50454b727d96862e", url = "https://github.com/orhun/git-cliff/releases/download/v2.11.0/git-cliff-2.11.0-aarch64-apple-darwin.tar.gz"}
"platforms.macos-x64" = { checksum = "sha256:4e0a990a8f47686c5aab74d43a1aa9df8d03989dfc6bc766d1901927fa540e9e", url = "https://github.com/orhun/git-cliff/releases/download/v2.11.0/git-cliff-2.11.0-x86_64-apple-darwin.tar.gz"}
"platforms.windows-x64" = { checksum = "sha256:821ff133beb572ce72bccce0aacce680c4622007e19fea3bbcb0503cd1133af8", url = "https://github.com/orhun/git-cliff/releases/download/v2.11.0/git-cliff-2.11.0-x86_64-pc-windows-msvc.zip"}

[[tools.hk]]
version = "1.29.0"
backend = "aqua:jdx/hk"
"platforms.linux-arm64" = { checksum = "sha256:1917db964829c97731efb853a1ad080716b1908deb3ee1f297d3991a4c97798e", url = "https://github.com/jdx/hk/releases/download/v1.29.0/hk-aarch64-unknown-linux-gnu.tar.gz"}
"platforms.linux-x64" = { checksum = "sha256:abf74f710639689dc7a7e9bf03c4ff14275d5261b018e1d497d0047abb2ef102", url = "https://github.com/jdx/hk/releases/download/v1.29.0/hk-x86_64-unknown-linux-gnu.tar.gz"}
"platforms.macos-arm64" = { checksum = "sha256:1f610e9efbea3ec718449beeb94b5e13d4692758fd45467449767410751f1135", url = "https://github.com/jdx/hk/releases/download/v1.29.0/hk-aarch64-apple-darwin.tar.gz"}
"platforms.windows-x64" = { checksum = "sha256:d93be5bbef1df5338f10338af6cf547f16ff593f4aaf24dd1a6454a4d8ec829e", url = "https://github.com/jdx/hk/releases/download/v1.29.0/hk-x86_64-pc-windows-msvc.zip"}

[[tools.hk]]
version = "1.32.0"
backend = "aqua:jdx/hk"
"platforms.linux-arm64" = { checksum = "sha256:ce5bea80a8f76b9ed6f7b622a20c89ef5a9711c7636eec3c33640ec2353c0821", url = "https://github.com/jdx/hk/releases/download/v1.32.0/hk-aarch64-unknown-linux-gnu.tar.gz"}
"platforms.linux-x64" = { checksum = "sha256:a9be5dfe77e707ae1d27c54349b47d53059279f2125d7e55eeb56c4bb312d70a", url = "https://github.com/jdx/hk/releases/download/v1.32.0/hk-x86_64-unknown-linux-gnu.tar.gz"}
"platforms.macos-arm64" = { checksum = "sha256:4c3afc7acbcb7ee70aa6389a4af6835ff96c5771acd211b4da20080339eae014", url = "https://github.com/jdx/hk/releases/download/v1.32.0/hk-aarch64-apple-darwin.tar.gz"}
"platforms.windows-x64" = { checksum = "sha256:580b37a53c42bcae68a0f970ffeb08825503684bf270656510c2fde44f86cad8", url = "https://github.com/jdx/hk/releases/download/v1.32.0/hk-x86_64-pc-windows-msvc.zip"}

[[tools.pkl]]
version = "0.30.2"
backend = "aqua:apple/pkl"
"platforms.linux-arm64" = { checksum = "sha256:8da3ae65104eb7058e35dc4a9fe46bd8ece2b6faf4b65d0b1054cadb2ede0246", url = "https://github.com/apple/pkl/releases/download/0.30.2/pkl-linux-aarch64"}
"platforms.linux-x64" = { checksum = "sha256:474e5137d60a9e2320fde19a526f42c36d8e9d3b245139d59a9b8dff85283c76", url = "https://github.com/apple/pkl/releases/download/0.30.2/pkl-linux-amd64"}
"platforms.macos-arm64" = { checksum = "sha256:f1db44c0f6f859aee88c9d7d272f2371ae40ac95ec9957ae78eff51665158e04", url = "https://github.com/apple/pkl/releases/download/0.30.2/pkl-macos-aarch64"}
"platforms.macos-x64" = { checksum = "sha256:5f62ae7a7a34c15b3a83af17bda8e6b98516953f383a492340d4aa090caaa6d9", url = "https://github.com/apple/pkl/releases/download/0.30.2/pkl-macos-amd64"}
"platforms.windows-x64" = { checksum = "sha256:19e92aa59bcf4e54963b6e3b419af7e1b939f5793b44f4a08d60bab1217106f4", url = "https://github.com/apple/pkl/releases/download/0.30.2/pkl-windows-amd64.exe"}

[[tools.pre-commit]]
version = "4.5.0"
backend = "aqua:pre-commit/pre-commit"
"platforms.linux-arm64" = { checksum = "sha256:fbbfa47d19b98e03eb11963094ac3644a97cba105a8c660d8dab4c409c89cebe", url = "https://github.com/pre-commit/pre-commit/releases/download/v4.5.0/pre-commit-4.5.0.pyz"}
"platforms.linux-x64" = { checksum = "sha256:fbbfa47d19b98e03eb11963094ac3644a97cba105a8c660d8dab4c409c89cebe", url = "https://github.com/pre-commit/pre-commit/releases/download/v4.5.0/pre-commit-4.5.0.pyz"}
"platforms.macos-arm64" = { checksum = "sha256:fbbfa47d19b98e03eb11963094ac3644a97cba105a8c660d8dab4c409c89cebe", url = "https://github.com/pre-commit/pre-commit/releases/download/v4.5.0/pre-commit-4.5.0.pyz"}
"platforms.macos-x64" = { checksum = "sha256:fbbfa47d19b98e03eb11963094ac3644a97cba105a8c660d8dab4c409c89cebe", url = "https://github.com/pre-commit/pre-commit/releases/download/v4.5.0/pre-commit-4.5.0.pyz"}
"platforms.windows-x64" = { checksum = "sha256:fbbfa47d19b98e03eb11963094ac3644a97cba105a8c660d8dab4c409c89cebe", url = "https://github.com/pre-commit/pre-commit/releases/download/v4.5.0/pre-commit-4.5.0.pyz"}

[[tools.swift]]
version = "6.2.3"
backend = "core:swift"

[[tools.swiftformat]]
version = "0.58.7"
backend = "asdf:swiftformat"

[[tools.swiftlint]]
version = "0.62.2"
backend = "aqua:realm/SwiftLint"
"platforms.linux-arm64" = { checksum = "sha256:a90ea84be3675e787c5784e46dcb5d173a3bf0b35b4f4e9e455d7b8eb728947e", url = "https://github.com/realm/SwiftLint/releases/download/0.62.2/swiftlint_linux_arm64.zip"}
"platforms.linux-x64" = { checksum = "sha256:d44e21c234cded72e1735abb32e8c641fadaf60270ef49ea6abf979a47a31deb", url = "https://github.com/realm/SwiftLint/releases/download/0.62.2/swiftlint_linux_amd64.zip"}
"platforms.macos-arm64" = { checksum = "sha256:79625bece2716395d955d34a5993e6c948ef57d0256abe5538aaab82f2ad6b68", url = "https://github.com/realm/SwiftLint/releases/download/0.62.2/portable_swiftlint.zip"}
"platforms.macos-x64" = { checksum = "sha256:79625bece2716395d955d34a5993e6c948ef57d0256abe5538aaab82f2ad6b68", url = "https://github.com/realm/SwiftLint/releases/download/0.62.2/portable_swiftlint.zip"}

[[tools.swiftlint]]
version = "0.63.1"
backend = "aqua:realm/SwiftLint"
"platforms.linux-arm64" = { checksum = "sha256:c9360b3c6610c03bb11e175e33cc645a34c4b61244c7b1fdca63821a87929e9e", url = "https://github.com/realm/SwiftLint/releases/download/0.63.1/swiftlint_linux_arm64.zip"}
"platforms.linux-x64" = { checksum = "sha256:20330b66b7385d3f8c90aed8b537fcc48c9e0411a626906f84ebdb407d4ee4d1", url = "https://github.com/realm/SwiftLint/releases/download/0.63.1/swiftlint_linux_amd64.zip"}
"platforms.macos-arm64" = { checksum = "sha256:0e6369741b694b701e9bd4e4fe9b408a5946d4bb076b79ea6ec2bce428475739", url = "https://github.com/realm/SwiftLint/releases/download/0.63.1/portable_swiftlint.zip"}
"platforms.macos-x64" = { checksum = "sha256:0e6369741b694b701e9bd4e4fe9b408a5946d4bb076b79ea6ec2bce428475739", url = "https://github.com/realm/SwiftLint/releases/download/0.63.1/portable_swiftlint.zip"}

[[tools.swiftlint]]
version = "0.63.2"
backend = "aqua:realm/SwiftLint"
"platforms.linux-arm64" = { checksum = "sha256:104dedff762157f5cff7752f1cc2a289b60f3ea677e72d651c6f3a3287fdd948", url = "https://github.com/realm/SwiftLint/releases/download/0.63.2/swiftlint_linux_arm64.zip"}
"platforms.linux-x64" = { checksum = "sha256:dd1017cfd20a1457f264590bcb5875a6ee06cd75b9a9d4f77cd43a552499143b", url = "https://github.com/realm/SwiftLint/releases/download/0.63.2/swiftlint_linux_amd64.zip"}
"platforms.macos-arm64" = { checksum = "sha256:c59a405c85f95b92ced677a500804e081596a4cae4a6a485af76065557d6ed29", url = "https://github.com/realm/SwiftLint/releases/download/0.63.2/portable_swiftlint.zip"}
"platforms.macos-x64" = { checksum = "sha256:c59a405c85f95b92ced677a500804e081596a4cae4a6a485af76065557d6ed29", url = "https://github.com/realm/SwiftLint/releases/download/0.63.2/portable_swiftlint.zip"}

[[tools.xcsift]]
version = "1.0.15"
backend = "github:ldomaradzki/xcsift"
"platforms.linux-arm64" = { checksum = "sha256:94297b1d0209b520c321f5c687e5e23a71873736a9896bd5e3a2d1bc1b08bb07", url = "https://github.com/ldomaradzki/xcsift/releases/download/v1.0.15/xcsift-v1.0.15-linux-x64.tar.gz", url_api = "https://api.github.com/repos/ldomaradzki/xcsift/releases/assets/327265706"}
"platforms.linux-x64" = { checksum = "sha256:94297b1d0209b520c321f5c687e5e23a71873736a9896bd5e3a2d1bc1b08bb07", url = "https://github.com/ldomaradzki/xcsift/releases/download/v1.0.15/xcsift-v1.0.15-linux-x64.tar.gz", url_api = "https://api.github.com/repos/ldomaradzki/xcsift/releases/assets/327265706"}
"platforms.macos-arm64" = { checksum = "sha256:271ddaecfd8baee6573474b6653c0cdbcccc532514c42e2fc93760c31b5dc213", url = "https://github.com/ldomaradzki/xcsift/releases/download/v1.0.15/xcsift-v1.0.15-macos-arm64.tar.gz", url_api = "https://api.github.com/repos/ldomaradzki/xcsift/releases/assets/327265707"}
"platforms.macos-x64" = { checksum = "sha256:271ddaecfd8baee6573474b6653c0cdbcccc532514c42e2fc93760c31b5dc213", url = "https://github.com/ldomaradzki/xcsift/releases/download/v1.0.15/xcsift-v1.0.15-macos-arm64.tar.gz", url_api = "https://api.github.com/repos/ldomaradzki/xcsift/releases/assets/327265707"}
"platforms.windows-x64" = { checksum = "sha256:94297b1d0209b520c321f5c687e5e23a71873736a9896bd5e3a2d1bc1b08bb07", url = "https://github.com/ldomaradzki/xcsift/releases/download/v1.0.15/xcsift-v1.0.15-linux-x64.tar.gz", url_api = "https://api.github.com/repos/ldomaradzki/xcsift/releases/assets/327265706"}

[[tools.xcsift]]
version = "1.0.21"
backend = "github:ldomaradzki/xcsift"
"platforms.linux-arm64" = { checksum = "sha256:4fcb3d0ea87ae402972ecd128b610a2f1c167ff6b0b43cccd61173849746b52c", url = "https://github.com/ldomaradzki/xcsift/releases/download/v1.0.21/xcsift-v1.0.21-linux-x64.tar.gz", url_api = "https://api.github.com/repos/ldomaradzki/xcsift/releases/assets/340858051"}
"platforms.linux-x64" = { checksum = "sha256:4fcb3d0ea87ae402972ecd128b610a2f1c167ff6b0b43cccd61173849746b52c", url = "https://github.com/ldomaradzki/xcsift/releases/download/v1.0.21/xcsift-v1.0.21-linux-x64.tar.gz", url_api = "https://api.github.com/repos/ldomaradzki/xcsift/releases/assets/340858051"}
"platforms.macos-arm64" = { checksum = "sha256:8db9b05e760b33c3d5082fe89e07c5e6a4c1dcf4be01e60c56097d2660b95de2", url = "https://github.com/ldomaradzki/xcsift/releases/download/v1.0.21/xcsift-v1.0.21-macos-arm64.tar.gz", url_api = "https://api.github.com/repos/ldomaradzki/xcsift/releases/assets/340858050"}
"platforms.macos-x64" = { checksum = "sha256:8db9b05e760b33c3d5082fe89e07c5e6a4c1dcf4be01e60c56097d2660b95de2", url = "https://github.com/ldomaradzki/xcsift/releases/download/v1.0.21/xcsift-v1.0.21-macos-arm64.tar.gz", url_api = "https://api.github.com/repos/ldomaradzki/xcsift/releases/assets/340858050"}

[[tools.xcsift]]
version = "1.1.0"
backend = "github:ldomaradzki/xcsift"
"platforms.linux-arm64" = { checksum = "sha256:584e6ba342f6140863be97b9a22a6fd0f6be7e19912ccc8843d93b5ff74fb889", url = "https://github.com/ldomaradzki/xcsift/releases/download/v1.1.0/xcsift-v1.1.0-linux-x64.tar.gz", url_api = "https://api.github.com/repos/ldomaradzki/xcsift/releases/assets/343884290"}
"platforms.linux-x64" = { checksum = "sha256:584e6ba342f6140863be97b9a22a6fd0f6be7e19912ccc8843d93b5ff74fb889", url = "https://github.com/ldomaradzki/xcsift/releases/download/v1.1.0/xcsift-v1.1.0-linux-x64.tar.gz", url_api = "https://api.github.com/repos/ldomaradzki/xcsift/releases/assets/343884290"}
"platforms.macos-arm64" = { checksum = "sha256:413207378e1dd6e7a2122005ba11dc6bad1ecc3e8a01b8c9be3d2baae9cfabad", url = "https://github.com/ldomaradzki/xcsift/releases/download/v1.1.0/xcsift-v1.1.0-macos-arm64.tar.gz", url_api = "https://api.github.com/repos/ldomaradzki/xcsift/releases/assets/343884289"}
"platforms.macos-x64" = { checksum = "sha256:413207378e1dd6e7a2122005ba11dc6bad1ecc3e8a01b8c9be3d2baae9cfabad", url = "https://github.com/ldomaradzki/xcsift/releases/download/v1.1.0/xcsift-v1.1.0-macos-arm64.tar.gz", url_api = "https://api.github.com/repos/ldomaradzki/xcsift/releases/assets/343884289"}
